# THIS IS AN AUTOGENERATED FILE. DO NOT EDIT THIS FILE DIRECTLY.
# yarn lockfile v1


bootstrap@^3.4.1:
  version "3.4.1"
  resolved "https://registry.yarnpkg.com/bootstrap/-/bootstrap-3.4.1.tgz#c3a347d419e289ad11f4033e3c4132b87c081d72"
  integrity sha512-yN5oZVmRCwe5aKwzRj6736nSmKDX7pLYwsXiCj/EYmo16hODaBiT4En5btW/jhBF/seV+XMx3aYwukYC3A49DA==

code-prettify@^0.1.0:
  version "0.1.0"
  resolved "https://registry.yarnpkg.com/code-prettify/-/code-prettify-0.1.0.tgz#46870cc8c1a50d09bad539b33a983dbd4aa34b1e"
  integrity sha512-tNOWwXoF3ycqtvLCGPLYds2hKekmZfsPWinbRcLk6BBHBaSf+v+HJOvfg33VfVzYzvQ6zmVq+WO88oKweiJSQg==

datatables.net-bs@>=1.13.4:
  version "1.13.6"
  resolved "https://registry.yarnpkg.com/datatables.net-bs/-/datatables.net-bs-1.13.6.tgz#d30f9da4a1304e34076521b77605cce993d6bedf"
  integrity sha512-ohESuDtcrrNH56vGTErMUQklkzOVvKC5wyuaDApMruYc542IvESfalMOWKOChcAhGkhyXP9P9ZEr0AaDqQ7+Qw==
  dependencies:
    datatables.net ">=1.13.4"
    jquery ">=1.7"

datatables.net-responsive-bs@^2.2.3:
  version "2.5.0"
  resolved "https://registry.yarnpkg.com/datatables.net-responsive-bs/-/datatables.net-responsive-bs-2.5.0.tgz#e1c40a0c2a831972df76ca9a2779d0e2fb986b7b"
  integrity sha512-87Dpzgd99slw9nDzJWES8VWR08Lj0eqF9e1AiTc8EE2xK4gn01tAhPqAy+LDo10+q44d9yyXOSLgpkVSdCoMUg==
  dependencies:
    datatables.net-bs ">=1.13.4"
    datatables.net-responsive ">=2.4.1"
    jquery ">=1.7"

datatables.net-responsive@>=2.4.1:
  version "2.5.0"
  resolved "https://registry.yarnpkg.com/datatables.net-responsive/-/datatables.net-responsive-2.5.0.tgz#56919903646648f362f58c25784794fb89effda1"
  integrity sha512-GL7DFiRl5qqrp5ql54Psz92xTGPR0rMcrO3hzNxMfvcfpRGL5zFNTvMpTUh59Erm6u1+KoX+j+Ig1ZD3r0iFsA==
  dependencies:
    datatables.net ">=1.13.4"
    jquery ">=1.7"

datatables.net@>=1.13.4:
  version "1.13.6"
  resolved "https://registry.yarnpkg.com/datatables.net/-/datatables.net-1.13.6.tgz#6e282adbbb2732e8df495611b8bb54e19f7a943e"
  integrity sha512-rHNcnW+yEP9me82/KmRcid5eKrqPqW3+I/p1TwqCW3c/7GRYYkDyF6aJQOQ9DNS/pw+nyr4BVpjyJ3yoZXiFPg==
  dependencies:
    jquery ">=1.7"

dropzone@^5.5.1:
  version "5.9.3"
  resolved "https://registry.yarnpkg.com/dropzone/-/dropzone-5.9.3.tgz#b3070ae090fa48cbc04c17535635537ca72d70d6"
  integrity sha512-Azk8kD/2/nJIuVPK+zQ9sjKMRIpRvNyqn9XwbBHNq+iNuSccbJS6hwm1Woy0pMST0erSo0u4j+KJaodndDk4vA==

fastclick@^1.0.6:
  version "1.0.6"
  resolved "https://registry.yarnpkg.com/fastclick/-/fastclick-1.0.6.tgz#161625b27b1a5806405936bda9a2c1926d06be6a"
  integrity sha512-cXyDBT4g0uWl/Xe75QspBDAgAWQ0lkPi/zgp6YFEUHj6WV6VIZl7R6TiDZhdOVU3W4ehp/8tG61Jev1jit+ztQ==

flatpickr@^4.6.6:
  version "4.6.13"
  resolved "https://registry.yarnpkg.com/flatpickr/-/flatpickr-4.6.13.tgz#8a029548187fd6e0d670908471e43abe9ad18d94"
  integrity sha512-97PMG/aywoYpB4IvbvUJi0RQi8vearvU0oov1WW3k0WZPBMrTQVqekSX5CjSG/M4Q3i6A/0FKXC7RyAoAUUSPw==

font-awesome@^4.7.0:
  version "4.7.0"
  resolved "https://registry.yarnpkg.com/font-awesome/-/font-awesome-4.7.0.tgz#8fa8cf0411a1a31afd07b06d2902bb9fc815a133"
  integrity sha512-U6kGnykA/6bFmg1M/oT9EkFeIYv7JlX3bozwQJWiiLz6L0w3F5vBVPxHlwyX/vtNq1ckcpRKOB9f2Qal/VtFpg==

he@^1.2.0:
  version "1.2.0"
  resolved "https://registry.yarnpkg.com/he/-/he-1.2.0.tgz#84ae65fa7eafb165fddb61566ae14baf05664f0f"
  integrity sha512-F/1DnUGPopORZi0ni+CvrCgHQ5FyEAHRLSApuYWMmrbSwoN2Mn/7k+Gl38gJnR7yyDZk6WLXwiGod1JOWNDKGw==

ionicons@^4.5.5:
  version "4.6.3"
  resolved "https://registry.yarnpkg.com/ionicons/-/ionicons-4.6.3.tgz#e4f3a3e9b66761eb8c0db27798cc1a8ce97777d2"
  integrity sha512-cgP+VIr2cTJpMfFyVHTerq6n2jeoiGboVoe3GlaAo5zoSBDAEXORwUZhv6m+lCyxlsHCS3nqPUE+MKyZU71t8Q==

jquery-validation@^1.19.0:
  version "1.19.5"
  resolved "https://registry.yarnpkg.com/jquery-validation/-/jquery-validation-1.19.5.tgz#557495b7cad79716897057c4447ad3cd76fda811"
  integrity sha512-X2SmnPq1mRiDecVYL8edWx+yTBZDyC8ohWXFhXdtqFHgU9Wd4KHkvcbCoIZ0JaSaumzS8s2gXSkP8F7ivg/8ZQ==

jquery@>=1.12.0, jquery@>=1.7, jquery@^3.3.1:
  version "3.7.0"
  resolved "https://registry.yarnpkg.com/jquery/-/jquery-3.7.0.tgz#fe2c01a05da500709006d8790fe21c8a39d75612"
  integrity sha512-umpJ0/k8X0MvD1ds0P9SfowREz2LenHsQaxSohMZ5OMNEU2r0tf8pdeEFTHMFxWVxKNyU9rTtK3CWzUCTKJUeQ==

pace-js@^1.0.2:
  version "1.2.4"
  resolved "https://registry.yarnpkg.com/pace-js/-/pace-js-1.2.4.tgz#699aa54c76411ec0297ac06a8cddb6e11e01db99"
  integrity sha512-qnCxtvUoY9yHId0AwMQCVmWltb698GiuVArmDbQzonTu9QCo0SgWUVnX9jB9mi+/FUSWvQULBPxUAAo/kLrh1A==

select2@^4.0.5:
  version "4.0.13"
  resolved "https://registry.yarnpkg.com/select2/-/select2-4.0.13.tgz#0dbe377df3f96167c4c1626033e924372d8ef44d"
  integrity sha512-1JeB87s6oN/TDxQQYCvS5EFoQyvV6eYMZZ0AeA4tdFDYWN3BAGZ8npr17UBFddU0lgAt3H0yjX3X6/ekOj1yjw==

toastr@^2.1.4:
  version "2.1.4"
  resolved "https://registry.yarnpkg.com/toastr/-/toastr-2.1.4.tgz#8b43be64fb9d0c414871446f2db8e8ca4e95f181"
  integrity sha512-LIy77F5n+sz4tefMmFOntcJ6HL0Fv3k1TDnNmFZ0bU/GcvIIfy6eG2v7zQmMiYgaalAiUv75ttFrPn5s0gyqlA==
  dependencies:
    jquery ">=1.12.0"

trumbowyg@^2.21.0:
  version "2.27.3"
  resolved "https://registry.yarnpkg.com/trumbowyg/-/trumbowyg-2.27.3.tgz#99373b99aa9ee490e5cb36fc06dbf008a0c7ceca"
  integrity sha512-mEFhPSrF3dobjnGSSW7BfnmX5Pnv9T4KIoATOHxFOHtb1exE0L2hNPxCr6Bh4iFRJQD4UErleyKCapKf2yImKw==
